
Microsoft Visual Studio Solution File, Format Version 12.00
# Visual Studio 15
VisualStudioVersion = 15.0.27703.2035
MinimumVisualStudioVersion = 10.0.40219.1
Project("{FAE04EC0-301F-11D3-BF4B-00C04F79EFBC}") = "Framework.Cryptography", "Framework.Cryptography\Framework.Cryptography.csproj", "{65D168F9-E825-4BF6-AAE3-EC47A0666E7D}"
EndProject
Global
	GlobalSection(SolutionConfigurationPlatforms) = preSolution
		Debug|Any CPU = Debug|Any CPU
		Release|Any CPU = Release|Any CPU
	EndGlobalSection
	GlobalSection(ProjectConfigurationPlatforms) = postSolution
		{65D168F9-E825-4BF6-AAE3-EC47A0666E7D}.Debug|Any CPU.ActiveCfg = Debug|Any CPU
		{65D168F9-E825-4BF6-AAE3-EC47A0666E7D}.Debug|Any CPU.Build.0 = Debug|Any CPU
		{65D168F9-E825-4BF6-AAE3-EC47A0666E7D}.Release|Any CPU.ActiveCfg = Release|Any CPU
		{65D168F9-E825-4BF6-AAE3-EC47A0666E7D}.Release|Any CPU.Build.0 = Release|Any CPU
	EndGlobalSection
	GlobalSection(SolutionProperties) = preSolution
		HideSolutionNode = FALSE
	EndGlobalSection
	GlobalSection(ExtensibilityGlobals) = postSolution
		SolutionGuid = {A5E580F4-C22D-422C-9F98-DF7DAD0F10AC}
	EndGlobalSection
EndGlobal
